
Microsoft Visual Studio Solution File, Format Version 12.00
# Visual Studio Version 17
VisualStudioVersion = 17.5.33414.496
MinimumVisualStudioVersion = 10.0.40219.1
Project("{FAE04EC0-301F-11D3-BF4B-00C04F79EFBC}") = "HtmlToPdf", "HtmlToPdf\HtmlToPdf.csproj", "{FF7B4752-06DB-4E81-A9C4-A13D830A4F80}"
EndProject
Global
	GlobalSection(SolutionConfigurationPlatforms) = preSolution
		Debug|Any CPU = Debug|Any CPU
		Release|Any CPU = Release|Any CPU
	EndGlobalSection
	GlobalSection(ProjectConfigurationPlatforms) = postSolution
		{FF7B4752-06DB-4E81-A9C4-A13D830A4F80}.Debug|Any CPU.ActiveCfg = Debug|Any CPU
		{FF7B4752-06DB-4E81-A9C4-A13D830A4F80}.Debug|Any CPU.Build.0 = Debug|Any CPU
		{FF7B4752-06DB-4E81-A9C4-A13D830A4F80}.Release|Any CPU.ActiveCfg = Release|Any CPU
		{FF7B4752-06DB-4E81-A9C4-A13D830A4F80}.Release|Any CPU.Build.0 = Release|Any CPU
	EndGlobalSection
	GlobalSection(SolutionProperties) = preSolution
		HideSolutionNode = FALSE
	EndGlobalSection
	GlobalSection(ExtensibilityGlobals) = postSolution
		SolutionGuid = {E29DFB3F-B8D7-4790-BB83-D9B80DDD19E0}
	EndGlobalSection
EndGlobal
